Microsoft Visual Studio Solution File, Format Version 12.00
# Visual Studio Version 17
VisualStudioVersion = 17.5.2.0
MinimumVisualStudioVersion = 10.0.40219.1
Project("{FAE04EC0-301F-11D3-BF4B-00C04F79EFBC}") = "ControllerCompatibility", "ControllerCompatibility.csproj", "{E41395C4-98A5-3F52-3E21-CD99BFE3F790}"
EndProject
Global
	GlobalSection(SolutionConfigurationPlatforms) = preSolution
		Debug|Any CPU = Debug|Any CPU
		Release|Any CPU = Release|Any CPU
	EndGlobalSection
	GlobalSection(ProjectConfigurationPlatforms) = postSolution
		{E41395C4-98A5-3F52-3E21-CD99BFE3F790}.Debug|Any CPU.ActiveCfg = Debug|Any CPU
		{E41395C4-98A5-3F52-3E21-CD99BFE3F790}.Debug|Any CPU.Build.0 = Debug|Any CPU
		{E41395C4-98A5-3F52-3E21-CD99BFE3F790}.Release|Any CPU.ActiveCfg = Release|Any CPU
		{E41395C4-98A5-3F52-3E21-CD99BFE3F790}.Release|Any CPU.Build.0 = Release|Any CPU
	EndGlobalSection
	GlobalSection(SolutionProperties) = preSolution
		HideSolutionNode = FALSE
	EndGlobalSection
	GlobalSection(ExtensibilityGlobals) = postSolution
		SolutionGuid = {CFA7544E-EB84-4035-B4C6-0952DAD48E6C}
	EndGlobalSection
EndGlobal
